
Microsoft Visual Studio Solution File, Format Version 12.00
# Visual Studio 15
VisualStudioVersion = 15.0.27004.2008
MinimumVisualStudioVersion = 10.0.40219.1
Project("{FAE04EC0-301F-11D3-BF4B-00C04F79EFBC}") = "ConsoleApp1", "TestTasks\ConsoleApp1\ConsoleApp1\ConsoleApp1.csproj", "{5440DC11-8936-4100-832C-11D92DE87919}"
EndProject
Project("{FAE04EC0-301F-11D3-BF4B-00C04F79EFBC}") = "ConsoleApp2", "TestTasks\ConsoleApp2\ConsoleApp2\ConsoleApp2.csproj", "{D85CD70C-E23E-425E-B538-42B4E7360381}"
EndProject
Project("{FAE04EC0-301F-11D3-BF4B-00C04F79EFBC}") = "Test_task002", "TestTasks\Test_task002\Test_task002.csproj", "{CE3B6EFC-C853-4DCB-8EF2-9959ACA224EC}"
EndProject
Project("{FAE04EC0-301F-11D3-BF4B-00C04F79EFBC}") = "Test_task004", "TestTasks\Test_task004\Test_task004\Test_task004.csproj", "{1FD9FE4D-0996-4233-A62C-419E6EAA7F28}"
EndProject
Project("{FAE04EC0-301F-11D3-BF4B-00C04F79EFBC}") = "Test_task003", "TestTasks\Test_task003\Test_task003\Test_task003.csproj", "{9888DD3A-6F7C-4B3B-8069-47CEBF4B82F6}"
EndProject
Project("{FAE04EC0-301F-11D3-BF4B-00C04F79EFBC}") = "Test_task5", "TestTasks\Test_task5\Test_task5\Test_task5.csproj", "{8DD6DC73-F8AD-4E42-B4F3-4E1367076672}"
EndProject
Project("{FAE04EC0-301F-11D3-BF4B-00C04F79EFBC}") = "Test_task006", "TestTasks\Test_task006\Test_task006\Test_task006.csproj", "{2D02AC9B-B992-467C-A06F-E1E071DB6263}"
EndProject
Project("{FAE04EC0-301F-11D3-BF4B-00C04F79EFBC}") = "Test_tasks001", "TestTasks\Test_tasks001\Test_tasks001.csproj", "{0B2C9C6E-0626-410C-9B72-6FC866ED9E1B}"
EndProject
Project("{FAE04EC0-301F-11D3-BF4B-00C04F79EFBC}") = "Test_tasks007", "TestTasks\Test_tasks007\Test_tasks007\Test_tasks007.csproj", "{DBB08B18-38EE-4599-A345-FB2CB7E05956}"
EndProject
Project("{FAE04EC0-301F-11D3-BF4B-00C04F79EFBC}") = "Test_tasks008", "TestTasks\Test_tasks008\Test_tasks008\Test_tasks008.csproj", "{70B669D3-12D6-403A-9A36-261E13BD4268}"
EndProject
Project("{2150E333-8FDC-42A3-9474-1A3956D46DE8}") = "TestTasks", "TestTasks", "{8A63161C-E30E-4C79-92B8-0F3C1896C823}"
EndProject
Project("{FAE04EC0-301F-11D3-BF4B-00C04F79EFBC}") = "Quadratic_equation", "Quadratic_equation\Quadratic_equation.csproj", "{EE203DE8-2C3C-4783-B9F3-A0E81C423B66}"
EndProject
Project("{FAE04EC0-301F-11D3-BF4B-00C04F79EFBC}") = "Array", "Array\Array.csproj", "{B92B3322-F8A0-4030-9CEB-D68F07CC19AA}"
EndProject
Project("{FAE04EC0-301F-11D3-BF4B-00C04F79EFBC}") = "Array_Ramka", "Array_Ramka\Array_Ramka.csproj", "{5488A416-2A05-4464-98B0-72FD091B20F1}"
EndProject
Project("{FAE04EC0-301F-11D3-BF4B-00C04F79EFBC}") = "ConsoleApp1", "ConsoleApp1\ConsoleApp1.csproj", "{090BEF5D-30A3-4D41-9F6A-2502B96F8406}"
EndProject
Project("{FAE04EC0-301F-11D3-BF4B-00C04F79EFBC}") = "Separate_int_number", "Separate_int_number\Separate_int_number.csproj", "{CC5F2A29-CB9A-40E9-9402-4BBB0EE9723E}"
EndProject
Project("{FAE04EC0-301F-11D3-BF4B-00C04F79EFBC}") = "WordsSplit", "Substring\WordsSplit.csproj", "{E26E9B28-FE3F-4C09-9B4A-1ECDF0CB77F1}"
EndProject
Project("{FAE04EC0-301F-11D3-BF4B-00C04F79EFBC}") = "DerekB", "DerekB\DerekB.csproj", "{1DAC5472-7B43-47DE-B3D8-6594D4E47615}"
EndProject
Project("{FAE04EC0-301F-11D3-BF4B-00C04F79EFBC}") = "Matrix2", "Matrix\Matrix2.csproj", "{31780F0B-C1F0-409B-B44F-3D343FC0EF4E}"
EndProject
Project("{FAE04EC0-301F-11D3-BF4B-00C04F79EFBC}") = "OperatorMenu", "OperatorMenu\OperatorMenu.csproj", "{28369F40-8DF7-45AA-BDA6-7ABBD2BA390F}"
EndProject
Project("{FAE04EC0-301F-11D3-BF4B-00C04F79EFBC}") = "Data_Structures_test", "Stack_test\Data_Structures_test.csproj", "{07C5073D-1BB8-47C0-ABFC-36E479B64524}"
EndProject
Project("{FAE04EC0-301F-11D3-BF4B-00C04F79EFBC}") = "Tutorial", "Tutorial\Tutorial.csproj", "{35603259-69F2-4296-96FE-5C6203A52DF5}"
EndProject
Project("{2150E333-8FDC-42A3-9474-1A3956D46DE8}") = "MaxNumber", "MaxNumber", "{838873DB-B5A6-443C-A4CE-268FF6637E23}"
EndProject
Project("{FAE04EC0-301F-11D3-BF4B-00C04F79EFBC}") = "MaxNumber01", "MaxNumber01\MaxNumber01.csproj", "{D5FDAE2A-91AE-4BB6-AB0E-D4FB623C222C}"
EndProject
Project("{FAE04EC0-301F-11D3-BF4B-00C04F79EFBC}") = "DiagonalCheck", "DiagonalCheck\DiagonalCheck.csproj", "{AD8C80A7-A24E-4C47-9298-4A9D860A92B7}"
EndProject
Global
	GlobalSection(SolutionConfigurationPlatforms) = preSolution
		Debug|Any CPU = Debug|Any CPU
		Release|Any CPU = Release|Any CPU
	EndGlobalSection
	GlobalSection(ProjectConfigurationPlatforms) = postSolution
		{5440DC11-8936-4100-832C-11D92DE87919}.Debug|Any CPU.ActiveCfg = Debug|Any CPU
		{5440DC11-8936-4100-832C-11D92DE87919}.Debug|Any CPU.Build.0 = Debug|Any CPU
		{5440DC11-8936-4100-832C-11D92DE87919}.Release|Any CPU.ActiveCfg = Release|Any CPU
		{5440DC11-8936-4100-832C-11D92DE87919}.Release|Any CPU.Build.0 = Release|Any CPU
		{D85CD70C-E23E-425E-B538-42B4E7360381}.Debug|Any CPU.ActiveCfg = Debug|Any CPU
		{D85CD70C-E23E-425E-B538-42B4E7360381}.Debug|Any CPU.Build.0 = Debug|Any CPU
		{D85CD70C-E23E-425E-B538-42B4E7360381}.Release|Any CPU.ActiveCfg = Release|Any CPU
		{D85CD70C-E23E-425E-B538-42B4E7360381}.Release|Any CPU.Build.0 = Release|Any CPU
		{CE3B6EFC-C853-4DCB-8EF2-9959ACA224EC}.Debug|Any CPU.ActiveCfg = Debug|Any CPU
		{CE3B6EFC-C853-4DCB-8EF2-9959ACA224EC}.Debug|Any CPU.Build.0 = Debug|Any CPU
		{CE3B6EFC-C853-4DCB-8EF2-9959ACA224EC}.Release|Any CPU.ActiveCfg = Release|Any CPU
		{CE3B6EFC-C853-4DCB-8EF2-9959ACA224EC}.Release|Any CPU.Build.0 = Release|Any CPU
		{1FD9FE4D-0996-4233-A62C-419E6EAA7F28}.Debug|Any CPU.ActiveCfg = Debug|Any CPU
		{1FD9FE4D-0996-4233-A62C-419E6EAA7F28}.Debug|Any CPU.Build.0 = Debug|Any CPU
		{1FD9FE4D-0996-4233-A62C-419E6EAA7F28}.Release|Any CPU.ActiveCfg = Release|Any CPU
		{1FD9FE4D-0996-4233-A62C-419E6EAA7F28}.Release|Any CPU.Build.0 = Release|Any CPU
		{9888DD3A-6F7C-4B3B-8069-47CEBF4B82F6}.Debug|Any CPU.ActiveCfg = Debug|Any CPU
		{9888DD3A-6F7C-4B3B-8069-47CEBF4B82F6}.Debug|Any CPU.Build.0 = Debug|Any CPU
		{9888DD3A-6F7C-4B3B-8069-47CEBF4B82F6}.Release|Any CPU.ActiveCfg = Release|Any CPU
		{9888DD3A-6F7C-4B3B-8069-47CEBF4B82F6}.Release|Any CPU.Build.0 = Release|Any CPU
		{8DD6DC73-F8AD-4E42-B4F3-4E1367076672}.Debug|Any CPU.ActiveCfg = Debug|Any CPU
		{8DD6DC73-F8AD-4E42-B4F3-4E1367076672}.Debug|Any CPU.Build.0 = Debug|Any CPU
		{8DD6DC73-F8AD-4E42-B4F3-4E1367076672}.Release|Any CPU.ActiveCfg = Release|Any CPU
		{8DD6DC73-F8AD-4E42-B4F3-4E1367076672}.Release|Any CPU.Build.0 = Release|Any CPU
		{2D02AC9B-B992-467C-A06F-E1E071DB6263}.Debug|Any CPU.ActiveCfg = Debug|Any CPU
		{2D02AC9B-B992-467C-A06F-E1E071DB6263}.Debug|Any CPU.Build.0 = Debug|Any CPU
		{2D02AC9B-B992-467C-A06F-E1E071DB6263}.Release|Any CPU.ActiveCfg = Release|Any CPU
		{2D02AC9B-B992-467C-A06F-E1E071DB6263}.Release|Any CPU.Build.0 = Release|Any CPU
		{0B2C9C6E-0626-410C-9B72-6FC866ED9E1B}.Debug|Any CPU.ActiveCfg = Debug|Any CPU
		{0B2C9C6E-0626-410C-9B72-6FC866ED9E1B}.Debug|Any CPU.Build.0 = Debug|Any CPU
		{0B2C9C6E-0626-410C-9B72-6FC866ED9E1B}.Release|Any CPU.ActiveCfg = Release|Any CPU
		{0B2C9C6E-0626-410C-9B72-6FC866ED9E1B}.Release|Any CPU.Build.0 = Release|Any CPU
		{DBB08B18-38EE-4599-A345-FB2CB7E05956}.Debug|Any CPU.ActiveCfg = Debug|Any CPU
		{DBB08B18-38EE-4599-A345-FB2CB7E05956}.Debug|Any CPU.Build.0 = Debug|Any CPU
		{DBB08B18-38EE-4599-A345-FB2CB7E05956}.Release|Any CPU.ActiveCfg = Release|Any CPU
		{DBB08B18-38EE-4599-A345-FB2CB7E05956}.Release|Any CPU.Build.0 = Release|Any CPU
		{70B669D3-12D6-403A-9A36-261E13BD4268}.Debug|Any CPU.ActiveCfg = Debug|Any CPU
		{70B669D3-12D6-403A-9A36-261E13BD4268}.Debug|Any CPU.Build.0 = Debug|Any CPU
		{70B669D3-12D6-403A-9A36-261E13BD4268}.Release|Any CPU.ActiveCfg = Release|Any CPU
		{70B669D3-12D6-403A-9A36-261E13BD4268}.Release|Any CPU.Build.0 = Release|Any CPU
		{EE203DE8-2C3C-4783-B9F3-A0E81C423B66}.Debug|Any CPU.ActiveCfg = Debug|Any CPU
		{EE203DE8-2C3C-4783-B9F3-A0E81C423B66}.Debug|Any CPU.Build.0 = Debug|Any CPU
		{EE203DE8-2C3C-4783-B9F3-A0E81C423B66}.Release|Any CPU.ActiveCfg = Release|Any CPU
		{EE203DE8-2C3C-4783-B9F3-A0E81C423B66}.Release|Any CPU.Build.0 = Release|Any CPU
		{B92B3322-F8A0-4030-9CEB-D68F07CC19AA}.Debug|Any CPU.ActiveCfg = Debug|Any CPU
		{B92B3322-F8A0-4030-9CEB-D68F07CC19AA}.Debug|Any CPU.Build.0 = Debug|Any CPU
		{B92B3322-F8A0-4030-9CEB-D68F07CC19AA}.Release|Any CPU.ActiveCfg = Release|Any CPU
		{B92B3322-F8A0-4030-9CEB-D68F07CC19AA}.Release|Any CPU.Build.0 = Release|Any CPU
		{5488A416-2A05-4464-98B0-72FD091B20F1}.Debug|Any CPU.ActiveCfg = Debug|Any CPU
		{5488A416-2A05-4464-98B0-72FD091B20F1}.Debug|Any CPU.Build.0 = Debug|Any CPU
		{5488A416-2A05-4464-98B0-72FD091B20F1}.Release|Any CPU.ActiveCfg = Release|Any CPU
		{5488A416-2A05-4464-98B0-72FD091B20F1}.Release|Any CPU.Build.0 = Release|Any CPU
		{090BEF5D-30A3-4D41-9F6A-2502B96F8406}.Debug|Any CPU.ActiveCfg = Debug|Any CPU
		{090BEF5D-30A3-4D41-9F6A-2502B96F8406}.Debug|Any CPU.Build.0 = Debug|Any CPU
		{090BEF5D-30A3-4D41-9F6A-2502B96F8406}.Release|Any CPU.ActiveCfg = Release|Any CPU
		{090BEF5D-30A3-4D41-9F6A-2502B96F8406}.Release|Any CPU.Build.0 = Release|Any CPU
		{CC5F2A29-CB9A-40E9-9402-4BBB0EE9723E}.Debug|Any CPU.ActiveCfg = Debug|Any CPU
		{CC5F2A29-CB9A-40E9-9402-4BBB0EE9723E}.Debug|Any CPU.Build.0 = Debug|Any CPU
		{CC5F2A29-CB9A-40E9-9402-4BBB0EE9723E}.Release|Any CPU.ActiveCfg = Release|Any CPU
		{CC5F2A29-CB9A-40E9-9402-4BBB0EE9723E}.Release|Any CPU.Build.0 = Release|Any CPU
		{E26E9B28-FE3F-4C09-9B4A-1ECDF0CB77F1}.Debug|Any CPU.ActiveCfg = Debug|Any CPU
		{E26E9B28-FE3F-4C09-9B4A-1ECDF0CB77F1}.Debug|Any CPU.Build.0 = Debug|Any CPU
		{E26E9B28-FE3F-4C09-9B4A-1ECDF0CB77F1}.Release|Any CPU.ActiveCfg = Release|Any CPU
		{E26E9B28-FE3F-4C09-9B4A-1ECDF0CB77F1}.Release|Any CPU.Build.0 = Release|Any CPU
		{1DAC5472-7B43-47DE-B3D8-6594D4E47615}.Debug|Any CPU.ActiveCfg = Debug|Any CPU
		{1DAC5472-7B43-47DE-B3D8-6594D4E47615}.Debug|Any CPU.Build.0 = Debug|Any CPU
		{1DAC5472-7B43-47DE-B3D8-6594D4E47615}.Release|Any CPU.ActiveCfg = Release|Any CPU
		{1DAC5472-7B43-47DE-B3D8-6594D4E47615}.Release|Any CPU.Build.0 = Release|Any CPU
		{31780F0B-C1F0-409B-B44F-3D343FC0EF4E}.Debug|Any CPU.ActiveCfg = Debug|Any CPU
		{31780F0B-C1F0-409B-B44F-3D343FC0EF4E}.Debug|Any CPU.Build.0 = Debug|Any CPU
		{31780F0B-C1F0-409B-B44F-3D343FC0EF4E}.Release|Any CPU.ActiveCfg = Release|Any CPU
		{31780F0B-C1F0-409B-B44F-3D343FC0EF4E}.Release|Any CPU.Build.0 = Release|Any CPU
		{28369F40-8DF7-45AA-BDA6-7ABBD2BA390F}.Debug|Any CPU.ActiveCfg = Debug|Any CPU
		{28369F40-8DF7-45AA-BDA6-7ABBD2BA390F}.Debug|Any CPU.Build.0 = Debug|Any CPU
		{28369F40-8DF7-45AA-BDA6-7ABBD2BA390F}.Release|Any CPU.ActiveCfg = Release|Any CPU
		{28369F40-8DF7-45AA-BDA6-7ABBD2BA390F}.Release|Any CPU.Build.0 = Release|Any CPU
		{07C5073D-1BB8-47C0-ABFC-36E479B64524}.Debug|Any CPU.ActiveCfg = Debug|Any CPU
		{07C5073D-1BB8-47C0-ABFC-36E479B64524}.Debug|Any CPU.Build.0 = Debug|Any CPU
		{07C5073D-1BB8-47C0-ABFC-36E479B64524}.Release|Any CPU.ActiveCfg = Release|Any CPU
		{07C5073D-1BB8-47C0-ABFC-36E479B64524}.Release|Any CPU.Build.0 = Release|Any CPU
		{35603259-69F2-4296-96FE-5C6203A52DF5}.Debug|Any CPU.ActiveCfg = Debug|Any CPU
		{35603259-69F2-4296-96FE-5C6203A52DF5}.Debug|Any CPU.Build.0 = Debug|Any CPU
		{35603259-69F2-4296-96FE-5C6203A52DF5}.Release|Any CPU.ActiveCfg = Release|Any CPU
		{35603259-69F2-4296-96FE-5C6203A52DF5}.Release|Any CPU.Build.0 = Release|Any CPU
		{D5FDAE2A-91AE-4BB6-AB0E-D4FB623C222C}.Debug|Any CPU.ActiveCfg = Debug|Any CPU
		{D5FDAE2A-91AE-4BB6-AB0E-D4FB623C222C}.Debug|Any CPU.Build.0 = Debug|Any CPU
		{D5FDAE2A-91AE-4BB6-AB0E-D4FB623C222C}.Release|Any CPU.ActiveCfg = Release|Any CPU
		{D5FDAE2A-91AE-4BB6-AB0E-D4FB623C222C}.Release|Any CPU.Build.0 = Release|Any CPU
		{AD8C80A7-A24E-4C47-9298-4A9D860A92B7}.Debug|Any CPU.ActiveCfg = Debug|Any CPU
		{AD8C80A7-A24E-4C47-9298-4A9D860A92B7}.Debug|Any CPU.Build.0 = Debug|Any CPU
		{AD8C80A7-A24E-4C47-9298-4A9D860A92B7}.Release|Any CPU.ActiveCfg = Release|Any CPU
		{AD8C80A7-A24E-4C47-9298-4A9D860A92B7}.Release|Any CPU.Build.0 = Release|Any CPU
	EndGlobalSection
	GlobalSection(SolutionProperties) = preSolution
		HideSolutionNode = FALSE
	EndGlobalSection
	GlobalSection(NestedProjects) = preSolution
		{5440DC11-8936-4100-832C-11D92DE87919} = {8A63161C-E30E-4C79-92B8-0F3C1896C823}
		{D85CD70C-E23E-425E-B538-42B4E7360381} = {8A63161C-E30E-4C79-92B8-0F3C1896C823}
		{CE3B6EFC-C853-4DCB-8EF2-9959ACA224EC} = {8A63161C-E30E-4C79-92B8-0F3C1896C823}
		{1FD9FE4D-0996-4233-A62C-419E6EAA7F28} = {8A63161C-E30E-4C79-92B8-0F3C1896C823}
		{9888DD3A-6F7C-4B3B-8069-47CEBF4B82F6} = {8A63161C-E30E-4C79-92B8-0F3C1896C823}
		{8DD6DC73-F8AD-4E42-B4F3-4E1367076672} = {8A63161C-E30E-4C79-92B8-0F3C1896C823}
		{2D02AC9B-B992-467C-A06F-E1E071DB6263} = {8A63161C-E30E-4C79-92B8-0F3C1896C823}
		{0B2C9C6E-0626-410C-9B72-6FC866ED9E1B} = {8A63161C-E30E-4C79-92B8-0F3C1896C823}
		{DBB08B18-38EE-4599-A345-FB2CB7E05956} = {8A63161C-E30E-4C79-92B8-0F3C1896C823}
		{70B669D3-12D6-403A-9A36-261E13BD4268} = {8A63161C-E30E-4C79-92B8-0F3C1896C823}
		{D5FDAE2A-91AE-4BB6-AB0E-D4FB623C222C} = {838873DB-B5A6-443C-A4CE-268FF6637E23}
		{AD8C80A7-A24E-4C47-9298-4A9D860A92B7} = {8A63161C-E30E-4C79-92B8-0F3C1896C823}
	EndGlobalSection
	GlobalSection(ExtensibilityGlobals) = postSolution
		SolutionGuid = {CBB188A6-481C-44CA-B61B-7580DE50338B}
	EndGlobalSection
EndGlobal
