
Microsoft Visual Studio Solution File, Format Version 12.00
# Visual Studio 15
VisualStudioVersion = 15.0.26430.15
MinimumVisualStudioVersion = 10.0.40219.1
Project("{FAE04EC0-301F-11D3-BF4B-00C04F79EFBC}") = "Test_tasks008", "Test_tasks008\Test_tasks008.csproj", "{70B669D3-12D6-403A-9A36-261E13BD4268}"
EndProject
Global
	GlobalSection(SolutionConfigurationPlatforms) = preSolution
		Debug|Any CPU = Debug|Any CPU
		Release|Any CPU = Release|Any CPU
	EndGlobalSection
	GlobalSection(ProjectConfigurationPlatforms) = postSolution
		{70B669D3-12D6-403A-9A36-261E13BD4268}.Debug|Any CPU.ActiveCfg = Debug|Any CPU
		{70B669D3-12D6-403A-9A36-261E13BD4268}.Debug|Any CPU.Build.0 = Debug|Any CPU
		{70B669D3-12D6-403A-9A36-261E13BD4268}.Release|Any CPU.ActiveCfg = Release|Any CPU
		{70B669D3-12D6-403A-9A36-261E13BD4268}.Release|Any CPU.Build.0 = Release|Any CPU
	EndGlobalSection
	GlobalSection(SolutionProperties) = preSolution
		HideSolutionNode = FALSE
	EndGlobalSection
EndGlobal
